
Microsoft Visual Studio Solution File, Format Version 12.00
# Visual Studio Version 17
VisualStudioVersion = 17.3.32804.467
MinimumVisualStudioVersion = 10.0.40219.1
Project("{FAE04EC0-301F-11D3-BF4B-00C04F79EFBC}") = "SimpleETL", "SimpleETL\SimpleETL.csproj", "{70877A28-686F-4F56-BC37-B80275D573C1}"
EndProject
Project("{FAE04EC0-301F-11D3-BF4B-00C04F79EFBC}") = "Config Generator", "Config Generator\Config Generator.csproj", "{737BAB93-2A0A-4268-9586-87DC6EDAEEE5}"
EndProject
Global
	GlobalSection(SolutionConfigurationPlatforms) = preSolution
		Debug|Any CPU = Debug|Any CPU
		Release|Any CPU = Release|Any CPU
	EndGlobalSection
	GlobalSection(ProjectConfigurationPlatforms) = postSolution
		{70877A28-686F-4F56-BC37-B80275D573C1}.Debug|Any CPU.ActiveCfg = Debug|Any CPU
		{70877A28-686F-4F56-BC37-B80275D573C1}.Debug|Any CPU.Build.0 = Debug|Any CPU
		{70877A28-686F-4F56-BC37-B80275D573C1}.Release|Any CPU.ActiveCfg = Release|Any CPU
		{70877A28-686F-4F56-BC37-B80275D573C1}.Release|Any CPU.Build.0 = Release|Any CPU
		{737BAB93-2A0A-4268-9586-87DC6EDAEEE5}.Debug|Any CPU.ActiveCfg = Debug|Any CPU
		{737BAB93-2A0A-4268-9586-87DC6EDAEEE5}.Debug|Any CPU.Build.0 = Debug|Any CPU
		{737BAB93-2A0A-4268-9586-87DC6EDAEEE5}.Release|Any CPU.ActiveCfg = Release|Any CPU
		{737BAB93-2A0A-4268-9586-87DC6EDAEEE5}.Release|Any CPU.Build.0 = Release|Any CPU
	EndGlobalSection
	GlobalSection(SolutionProperties) = preSolution
		HideSolutionNode = FALSE
	EndGlobalSection
	GlobalSection(ExtensibilityGlobals) = postSolution
		SolutionGuid = {C2C135FF-81F9-49D6-9C23-5D066731CB56}
	EndGlobalSection
EndGlobal
